
Microsoft Visual Studio Solution File, Format Version 12.00
# Visual Studio Version 17
VisualStudioVersion = 17.11.35312.102
MinimumVisualStudioVersion = 10.0.40219.1
Project("{FAE04EC0-301F-11D3-BF4B-00C04F79EFBC}") = "mukemmelsayi", "mukemmelsayi.csproj", "{4F09FA8C-084F-478C-96D8-4EE801D01C95}"
EndProject
Global
	GlobalSection(SolutionConfigurationPlatforms) = preSolution
		Debug|Any CPU = Debug|Any CPU
		Release|Any CPU = Release|Any CPU
	EndGlobalSection
	GlobalSection(ProjectConfigurationPlatforms) = postSolution
		{4F09FA8C-084F-478C-96D8-4EE801D01C95}.Debug|Any CPU.ActiveCfg = Debug|Any CPU
		{4F09FA8C-084F-478C-96D8-4EE801D01C95}.Debug|Any CPU.Build.0 = Debug|Any CPU
		{4F09FA8C-084F-478C-96D8-4EE801D01C95}.Release|Any CPU.ActiveCfg = Release|Any CPU
		{4F09FA8C-084F-478C-96D8-4EE801D01C95}.Release|Any CPU.Build.0 = Release|Any CPU
	EndGlobalSection
	GlobalSection(SolutionProperties) = preSolution
		HideSolutionNode = FALSE
	EndGlobalSection
	GlobalSection(ExtensibilityGlobals) = postSolution
		SolutionGuid = {FE36B7FA-1F6F-4C1D-8198-DF96A2D35359}
	EndGlobalSection
EndGlobal
